
Microsoft Visual Studio Solution File, Format Version 12.00
# Visual Studio 2012
Project("{FAE04EC0-301F-11D3-BF4B-00C04F79EFBC}") = "MobileLogging.Common", "MobileLogging.Common\MobileLogging.Common.csproj", "{57A70CEA-F773-499B-9DA6-58F745EEC5A1}"
EndProject
Project("{FAE04EC0-301F-11D3-BF4B-00C04F79EFBC}") = "MobileLogging.Ios", "MobileLogging.Ios\MobileLogging.Ios.csproj", "{811D41B7-81DD-49F3-B7F0-ECFDEE74208F}"
EndProject
Project("{FAE04EC0-301F-11D3-BF4B-00C04F79EFBC}") = "MobileLogging.Android", "MobileLogging.Android\MobileLogging.Android.csproj", "{AE7D3B35-A2E0-43BC-8582-E646998369E5}"
EndProject
Global
	GlobalSection(SolutionConfigurationPlatforms) = preSolution
		Debug|Any CPU = Debug|Any CPU
		Release|Any CPU = Release|Any CPU
		Debug|iPhoneSimulator = Debug|iPhoneSimulator
		Release|iPhone = Release|iPhone
		Release|iPhoneSimulator = Release|iPhoneSimulator
		Debug|iPhone = Debug|iPhone
	EndGlobalSection
	GlobalSection(ProjectConfigurationPlatforms) = postSolution
		{57A70CEA-F773-499B-9DA6-58F745EEC5A1}.Debug|Any CPU.ActiveCfg = Debug|Any CPU
		{57A70CEA-F773-499B-9DA6-58F745EEC5A1}.Debug|Any CPU.Build.0 = Debug|Any CPU
		{57A70CEA-F773-499B-9DA6-58F745EEC5A1}.Release|Any CPU.ActiveCfg = Release|Any CPU
		{57A70CEA-F773-499B-9DA6-58F745EEC5A1}.Release|Any CPU.Build.0 = Release|Any CPU
		{57A70CEA-F773-499B-9DA6-58F745EEC5A1}.Debug|iPhoneSimulator.ActiveCfg = Debug|Any CPU
		{57A70CEA-F773-499B-9DA6-58F745EEC5A1}.Debug|iPhoneSimulator.Build.0 = Debug|Any CPU
		{57A70CEA-F773-499B-9DA6-58F745EEC5A1}.Release|iPhone.ActiveCfg = Release|Any CPU
		{57A70CEA-F773-499B-9DA6-58F745EEC5A1}.Release|iPhone.Build.0 = Release|Any CPU
		{57A70CEA-F773-499B-9DA6-58F745EEC5A1}.Release|iPhoneSimulator.ActiveCfg = Release|Any CPU
		{57A70CEA-F773-499B-9DA6-58F745EEC5A1}.Release|iPhoneSimulator.Build.0 = Release|Any CPU
		{57A70CEA-F773-499B-9DA6-58F745EEC5A1}.Debug|iPhone.ActiveCfg = Debug|Any CPU
		{57A70CEA-F773-499B-9DA6-58F745EEC5A1}.Debug|iPhone.Build.0 = Debug|Any CPU
		{811D41B7-81DD-49F3-B7F0-ECFDEE74208F}.Debug|Any CPU.ActiveCfg = Debug|iPhoneSimulator
		{811D41B7-81DD-49F3-B7F0-ECFDEE74208F}.Debug|Any CPU.Build.0 = Debug|iPhoneSimulator
		{811D41B7-81DD-49F3-B7F0-ECFDEE74208F}.Release|Any CPU.ActiveCfg = Release|iPhone
		{811D41B7-81DD-49F3-B7F0-ECFDEE74208F}.Release|Any CPU.Build.0 = Release|iPhone
		{811D41B7-81DD-49F3-B7F0-ECFDEE74208F}.Debug|iPhoneSimulator.ActiveCfg = Debug|iPhoneSimulator
		{811D41B7-81DD-49F3-B7F0-ECFDEE74208F}.Debug|iPhoneSimulator.Build.0 = Debug|iPhoneSimulator
		{811D41B7-81DD-49F3-B7F0-ECFDEE74208F}.Release|iPhone.ActiveCfg = Release|iPhone
		{811D41B7-81DD-49F3-B7F0-ECFDEE74208F}.Release|iPhone.Build.0 = Release|iPhone
		{811D41B7-81DD-49F3-B7F0-ECFDEE74208F}.Release|iPhoneSimulator.ActiveCfg = Release|iPhoneSimulator
		{811D41B7-81DD-49F3-B7F0-ECFDEE74208F}.Release|iPhoneSimulator.Build.0 = Release|iPhoneSimulator
		{811D41B7-81DD-49F3-B7F0-ECFDEE74208F}.Debug|iPhone.ActiveCfg = Debug|iPhone
		{811D41B7-81DD-49F3-B7F0-ECFDEE74208F}.Debug|iPhone.Build.0 = Debug|iPhone
		{AE7D3B35-A2E0-43BC-8582-E646998369E5}.Debug|Any CPU.ActiveCfg = Debug|Any CPU
		{AE7D3B35-A2E0-43BC-8582-E646998369E5}.Debug|Any CPU.Build.0 = Debug|Any CPU
		{AE7D3B35-A2E0-43BC-8582-E646998369E5}.Release|Any CPU.ActiveCfg = Release|Any CPU
		{AE7D3B35-A2E0-43BC-8582-E646998369E5}.Release|Any CPU.Build.0 = Release|Any CPU
		{AE7D3B35-A2E0-43BC-8582-E646998369E5}.Debug|iPhoneSimulator.ActiveCfg = Debug|Any CPU
		{AE7D3B35-A2E0-43BC-8582-E646998369E5}.Debug|iPhoneSimulator.Build.0 = Debug|Any CPU
		{AE7D3B35-A2E0-43BC-8582-E646998369E5}.Release|iPhone.ActiveCfg = Release|Any CPU
		{AE7D3B35-A2E0-43BC-8582-E646998369E5}.Release|iPhone.Build.0 = Release|Any CPU
		{AE7D3B35-A2E0-43BC-8582-E646998369E5}.Release|iPhoneSimulator.ActiveCfg = Release|Any CPU
		{AE7D3B35-A2E0-43BC-8582-E646998369E5}.Release|iPhoneSimulator.Build.0 = Release|Any CPU
		{AE7D3B35-A2E0-43BC-8582-E646998369E5}.Debug|iPhone.ActiveCfg = Debug|Any CPU
		{AE7D3B35-A2E0-43BC-8582-E646998369E5}.Debug|iPhone.Build.0 = Debug|Any CPU
	EndGlobalSection
EndGlobal
